// !$*UTF8*$!
{
	archiveVersion = 1;
	classes = {
	};
	objectVersion = 55;
	objects = {

/* Begin PBXBuildFile section */
		A609962527BEB6EA00CC5866 /* AppDelegate.swift in Sources */ = {isa = PBXBuildFile; fileRef = A609962427BEB6EA00CC5866 /* AppDelegate.swift */; };
		A609962727BEB6EA00CC5866 /* SceneDelegate.swift in Sources */ = {isa = PBXBuildFile; fileRef = A609962627BEB6EA00CC5866 /* SceneDelegate.swift */; };
		A609962927BEB6EA00CC5866 /* ViewController.swift in Sources */ = {isa = PBXBuildFile; fileRef = A609962827BEB6EA00CC5866 /* ViewController.swift */; };
		A609962C27BEB6EA00CC5866 /* Main.storyboard in Resources */ = {isa = PBXBuildFile; fileRef = A609962A27BEB6EA00CC5866 /* Main.storyboard */; };
		A609962E27BEB6F000CC5866 /* Assets.xcassets in Resources */ = {isa = PBXBuildFile; fileRef = A609962D27BEB6F000CC5866 /* Assets.xcassets */; };
		A609963127BEB6F000CC5866 /* LaunchScreen.storyboard in Resources */ = {isa = PBXBuildFile; fileRef = A609962F27BEB6F000CC5866 /* LaunchScreen.storyboard */; };
		A609963A27BEE36800CC5866 /* Meal.swift in Sources */ = {isa = PBXBuildFile; fileRef = A609963927BEE36800CC5866 /* Meal.swift */; };
/* End PBXBuildFile section */

/* Begin PBXFileReference section */
		A609962127BEB6EA00CC5866 /* MealApp.app */ = {isa = PBXFileReference; explicitFileType = wrapper.application; includeInIndex = 0; path = MealApp.app; sourceTree = BUILT_PRODUCTS_DIR; };
		A609962427BEB6EA00CC5866 /* AppDelegate.swift */ = {isa = PBXFileReference; lastKnownFileType = sourcecode.swift; path = AppDelegate.swift; sourceTree = "<group>"; };
		A609962627BEB6EA00CC5866 /* SceneDelegate.swift */ = {isa = PBXFileReference; lastKnownFileType = sourcecode.swift; path = SceneDelegate.swift; sourceTree = "<group>"; };
		A609962827BEB6EA00CC5866 /* ViewController.swift */ = {isa = PBXFileReference; lastKnownFileType = sourcecode.swift; path = ViewController.swift; sourceTree = "<group>"; };
		A609962B27BEB6EA00CC5866 /* Base */ = {isa = PBXFileReference; lastKnownFileType = file.storyboard; name = Base; path = Base.lproj/Main.storyboard; sourceTree = "<group>"; };
		A609962D27BEB6F000CC5866 /* Assets.xcassets */ = {isa = PBXFileReference; lastKnownFileType = folder.assetcatalog; path = Assets.xcassets; sourceTree = "<group>"; };
		A609963027BEB6F000CC5866 /* Base */ = {isa = PBXFileReference; lastKnownFileType = file.storyboard; name = Base; path = Base.lproj/LaunchScreen.storyboard; sourceTree = "<group>"; };
		A609963227BEB6F000CC5866 /* Info.plist */ = {isa = PBXFileReference; lastKnownFileType = text.plist.xml; path = Info.plist; sourceTree = "<group>"; };
		A609963927BEE36800CC5866 /* Meal.swift */ = {isa = PBXFileReference; lastKnownFileType = sourcecode.swift; path = Meal.swift; sourceTree = "<group>"; };
/* End PBXFileReference section */

/* Begin PBXFrameworksBuildPhase section */
		A609961E27BEB6EA00CC5866 /* Frameworks */ = {
			isa = PBXFrameworksBuildPhase;
			buildActionMask = 2147483647;
			files = (
			);
			runOnlyForDeploymentPostprocessing = 0;
		};
/* End PBXFrameworksBuildPhase section */

/* Begin PBXGroup section */
		A609961827BEB6EA00CC5866 = {
			isa = PBXGroup;
			children = (
				A609962327BEB6EA00CC5866 /* MealApp */,
				A609962227BEB6EA00CC5866 /* Products */,
			);
			sourceTree = "<group>";
		};
		A609962227BEB6EA00CC5866 /* Products */ = {
			isa = PBXGroup;
			children = (
				A609962127BEB6EA00CC5866 /* MealApp.app */,
			);
			name = Products;
			sourceTree = "<group>";
		};
		A609962327BEB6EA00CC5866 /* MealApp */ = {
			isa = PBXGroup;
			children = (
				A609963B27BEE37300CC5866 /* Models */,
				A609962827BEB6EA00CC5866 /* ViewController.swift */,
				A609963827BEC2BF00CC5866 /* Recources */,
				A609963D27BEE3CB00CC5866 /* New Group */,
				A609963C27BEE39200CC5866 /* App */,
				A609963227BEB6F000CC5866 /* Info.plist */,
			);
			path = MealApp;
			sourceTree = "<group>";
		};
		A609963827BEC2BF00CC5866 /* Recources */ = {
			isa = PBXGroup;
			children = (
				A609962D27BEB6F000CC5866 /* Assets.xcassets */,
			);
			path = Recources;
			sourceTree = "<group>";
		};
		A609963B27BEE37300CC5866 /* Models */ = {
			isa = PBXGroup;
			children = (
				A609963927BEE36800CC5866 /* Meal.swift */,
			);
			path = Models;
			sourceTree = "<group>";
		};
		A609963C27BEE39200CC5866 /* App */ = {
			isa = PBXGroup;
			children = (
				A609962427BEB6EA00CC5866 /* AppDelegate.swift */,
				A609962627BEB6EA00CC5866 /* SceneDelegate.swift */,
			);
			path = App;
			sourceTree = "<group>";
		};
		A609963D27BEE3CB00CC5866 /* New Group */ = {
			isa = PBXGroup;
			children = (
				A609962A27BEB6EA00CC5866 /* Main.storyboard */,
				A609962F27BEB6F000CC5866 /* LaunchScreen.storyboard */,
			);
			path = "New Group";
			sourceTree = "<group>";
		};
/* End PBXGroup section */

/* Begin PBXNativeTarget section */
		A609962027BEB6EA00CC5866 /* MealApp */ = {
			isa = PBXNativeTarget;
			buildConfigurationList = A609963527BEB6F000CC5866 /* Build configuration list for PBXNativeTarget "MealApp" */;
			buildPhases = (
				A609961D27BEB6EA00CC5866 /* Sources */,
				A609961E27BEB6EA00CC5866 /* Frameworks */,
				A609961F27BEB6EA00CC5866 /* Resources */,
			);
			buildRules = (
			);
			dependencies = (
			);
			name = MealApp;
			productName = MealApp;
			productReference = A609962127BEB6EA00CC5866 /* MealApp.app */;
			productType = "com.apple.product-type.application";
		};
/* End PBXNativeTarget section */

/* Begin PBXProject section */
		A609961927BEB6EA00CC5866 /* Project object */ = {
			isa = PBXProject;
			attributes = {
				BuildIndependentTargetsInParallel = 1;
				LastSwiftUpdateCheck = 1310;
				LastUpgradeCheck = 1310;
				TargetAttributes = {
					A609962027BEB6EA00CC5866 = {
						CreatedOnToolsVersion = 13.1;
					};
				};
			};
			buildConfigurationList = A609961C27BEB6EA00CC5866 /* Build configuration list for PBXProject "MealApp" */;
			compatibilityVersion = "Xcode 13.0";
			developmentRegion = en;
			hasScannedForEncodings = 0;
			knownRegions = (
				en,
				Base,
			);
			mainGroup = A609961827BEB6EA00CC5866;
			productRefGroup = A609962227BEB6EA00CC5866 /* Products */;
			projectDirPath = "";
			projectRoot = "";
			targets = (
				A609962027BEB6EA00CC5866 /* MealApp */,
			);
		};
/* End PBXProject section */

/* Begin PBXResourcesBuildPhase section */
		A609961F27BEB6EA00CC5866 /* Resources */ = {
			isa = PBXResourcesBuildPhase;
			buildActionMask = 2147483647;
			files = (
				A609963127BEB6F000CC5866 /* LaunchScreen.storyboard in Resources */,
				A609962E27BEB6F000CC5866 /* Assets.xcassets in Resources */,
				A609962C27BEB6EA00CC5866 /* Main.storyboard in Resources */,
			);
			runOnlyForDeploymentPostprocessing = 0;
		};
/* End PBXResourcesBuildPhase section */

/* Begin PBXSourcesBuildPhase section */
		A609961D27BEB6EA00CC5866 /* Sources */ = {
			isa = PBXSourcesBuildPhase;
			buildActionMask = 2147483647;
			files = (
				A609963A27BEE36800CC5866 /* Meal.swift in Sources */,
				A609962927BEB6EA00CC5866 /* ViewController.swift in Sources */,
				A609962527BEB6EA00CC5866 /* AppDelegate.swift in Sources */,
				A609962727BEB6EA00CC5866 /* SceneDelegate.swift in Sources */,
			);
			runOnlyForDeploymentPostprocessing = 0;
		};
/* End PBXSourcesBuildPhase section */

/* Begin PBXVariantGroup section */
		A609962A27BEB6EA00CC5866 /* Main.storyboard */ = {
			isa = PBXVariantGroup;
			children = (
				A609962B27BEB6EA00CC5866 /* Base */,
			);
			name = Main.storyboard;
			sourceTree = "<group>";
		};
		A609962F27BEB6F000CC5866 /* LaunchScreen.storyboard */ = {
			isa = PBXVariantGroup;
			children = (
				A609963027BEB6F000CC5866 /* Base */,
			);
			name = LaunchScreen.storyboard;
			sourceTree = "<group>";
		};
/* End PBXVariantGroup section */

/* Begin XCBuildConfiguration section */
		A609963327BEB6F000CC5866 /* Debug */ = {
			isa = XCBuildConfiguration;
			buildSettings = {
				ALWAYS_SEARCH_USER_PATHS = NO;
				CLANG_ANALYZER_NONNULL = YES;
				CLANG_ANALYZER_NUMBER_OBJECT_CONVERSION = YES_AGGRESSIVE;
				CLANG_CXX_LANGUAGE_STANDARD = "gnu++17";
				CLANG_CXX_LIBRARY = "libc++";
				CLANG_ENABLE_MODULES = YES;
				CLANG_ENABLE_OBJC_ARC = YES;
				CLANG_ENABLE_OBJC_WEAK = YES;
				CLANG_WARN_BLOCK_CAPTURE_AUTORELEASING = YES;
				CLANG_WARN_BOOL_CONVERSION = YES;
				CLANG_WARN_COMMA = YES;
				CLANG_WARN_CONSTANT_CONVERSION = YES;
				CLANG_WARN_DEPRECATED_OBJC_IMPLEMENTATIONS = YES;
				CLANG_WARN_DIRECT_OBJC_ISA_USAGE = YES_ERROR;
				CLANG_WARN_DOCUMENTATION_COMMENTS = YES;
				CLANG_WARN_EMPTY_BODY = YES;
				CLANG_WARN_ENUM_CONVERSION = YES;
				CLANG_WARN_INFINITE_RECURSION = YES;
				CLANG_WARN_INT_CONVERSION = YES;
				CLANG_WARN_NON_LITERAL_NULL_CONVERSION = YES;
				CLANG_WARN_OBJC_IMPLICIT_RETAIN_SELF = YES;
				CLANG_WARN_OBJC_LITERAL_CONVERSION = YES;
				CLANG_WARN_OBJC_ROOT_CLASS = YES_ERROR;
				CLANG_WARN_QUOTED_INCLUDE_IN_FRAMEWORK_HEADER = YES;
				CLANG_WARN_RANGE_LOOP_ANALYSIS = YES;
				CLANG_WARN_STRICT_PROTOTYPES = YES;
				CLANG_WARN_SUSPICIOUS_MOVE = YES;
				CLANG_WARN_UNGUARDED_AVAILABILITY = YES_AGGRESSIVE;
				CLANG_WARN_UNREACHABLE_CODE = YES;
				CLANG_WARN__DUPLICATE_METHOD_MATCH = YES;
				COPY_PHASE_STRIP = NO;
				DEBUG_INFORMATION_FORMAT = dwarf;
				ENABLE_STRICT_OBJC_MSGSEND = YES;
				ENABLE_TESTABILITY = YES;
				GCC_C_LANGUAGE_STANDARD = gnu11;
				GCC_DYNAMIC_NO_PIC = NO;
				GCC_NO_COMMON_BLOCKS = YES;
				GCC_OPTIMIZATION_LEVEL = 0;
				GCC_PREPROCESSOR_DEFINITIONS = (
					"DEBUG=1",
					"$(inherited)",
				);
				GCC_WARN_64_TO_32_BIT_CONVERSION = YES;
				GCC_WARN_ABOUT_RETURN_TYPE = YES_ERROR;
				GCC_WARN_UNDECLARED_SELECTOR = YES;
				GCC_WARN_UNINITIALIZED_AUTOS = YES_AGGRESSIVE;
				GCC_WARN_UNUSED_FUNCTION = YES;
				GCC_WARN_UNUSED_VARIABLE = YES;
				IPHONEOS_DEPLOYMENT_TARGET = 15.0;
				MTL_ENABLE_DEBUG_INFO = INCLUDE_SOURCE;
				MTL_FAST_MATH = YES;
				ONLY_ACTIVE_ARCH = YES;
				SDKROOT = iphoneos;
				SWIFT_ACTIVE_COMPILATION_CONDITIONS = DEBUG;
				SWIFT_OPTIMIZATION_LEVEL = "-Onone";
			};
			name = Debug;
		};
		A609963427BEB6F000CC5866 /* Release */ = {
			isa = XCBuildConfiguration;
			buildSettings = {
				ALWAYS_SEARCH_USER_PATHS = NO;
				CLANG_ANALYZER_NONNULL = YES;
				CLANG_ANALYZER_NUMBER_OBJECT_CONVERSION = YES_AGGRESSIVE;
				CLANG_CXX_LANGUAGE_STANDARD = "gnu++17";
				CLANG_CXX_LIBRARY = "libc++";
				CLANG_ENABLE_MODULES = YES;
				CLANG_ENABLE_OBJC_ARC = YES;
				CLANG_ENABLE_OBJC_WEAK = YES;
				CLANG_WARN_BLOCK_CAPTURE_AUTORELEASING = YES;
				CLANG_WARN_BOOL_CONVERSION = YES;
				CLANG_WARN_COMMA = YES;
				CLANG_WARN_CONSTANT_CONVERSION = YES;
				CLANG_WARN_DEPRECATED_OBJC_IMPLEMENTATIONS = YES;
				CLANG_WARN_DIRECT_OBJC_ISA_USAGE = YES_ERROR;
				CLANG_WARN_DOCUMENTATION_COMMENTS = YES;
				CLANG_WARN_EMPTY_BODY = YES;
				CLANG_WARN_ENUM_CONVERSION = YES;
				CLANG_WARN_INFINITE_RECURSION = YES;
				CLANG_WARN_INT_CONVERSION = YES;
				CLANG_WARN_NON_LITERAL_NULL_CONVERSION = YES;
				CLANG_WARN_OBJC_IMPLICIT_RETAIN_SELF = YES;
				CLANG_WARN_OBJC_LITERAL_CONVERSION = YES;
				CLANG_WARN_OBJC_ROOT_CLASS = YES_ERROR;
				CLANG_WARN_QUOTED_INCLUDE_IN_FRAMEWORK_HEADER = YES;
				CLANG_WARN_RANGE_LOOP_ANALYSIS = YES;
				CLANG_WARN_STRICT_PROTOTYPES = YES;
				CLANG_WARN_SUSPICIOUS_MOVE = YES;
				CLANG_WARN_UNGUARDED_AVAILABILITY = YES_AGGRESSIVE;
				CLANG_WARN_UNREACHABLE_CODE = YES;
				CLANG_WARN__DUPLICATE_METHOD_MATCH = YES;
				COPY_PHASE_STRIP = NO;
				DEBUG_INFORMATION_FORMAT = "dwarf-with-dsym";
				ENABLE_NS_ASSERTIONS = NO;
				ENABLE_STRICT_OBJC_MSGSEND = YES;
				GCC_C_LANGUAGE_STANDARD = gnu11;
				GCC_NO_COMMON_BLOCKS = YES;
				GCC_WARN_64_TO_32_BIT_CONVERSION = YES;
				GCC_WARN_ABOUT_RETURN_TYPE = YES_ERROR;
				GCC_WARN_UNDECLARED_SELECTOR = YES;
				GCC_WARN_UNINITIALIZED_AUTOS = YES_AGGRESSIVE;
				GCC_WARN_UNUSED_FUNCTION = YES;
				GCC_WARN_UNUSED_VARIABLE = YES;
				IPHONEOS_DEPLOYMENT_TARGET = 15.0;
				MTL_ENABLE_DEBUG_INFO = NO;
				MTL_FAST_MATH = YES;
				SDKROOT = iphoneos;
				SWIFT_COMPILATION_MODE = wholemodule;
				SWIFT_OPTIMIZATION_LEVEL = "-O";
				VALIDATE_PRODUCT = YES;
			};
			name = Release;
		};
		A609963627BEB6F000CC5866 /* Debug */ = {
			isa = XCBuildConfiguration;
			buildSettings = {
				ASSETCATALOG_COMPILER_APPICON_NAME = AppIcon;
				ASSETCATALOG_COMPILER_GLOBAL_ACCENT_COLOR_NAME = AccentColor;
				CODE_SIGN_STYLE = Automatic;
				CURRENT_PROJECT_VERSION = 1;
				DEVELOPMENT_TEAM = 23F6SX7UH4;
				GENERATE_INFOPLIST_FILE = YES;
				INFOPLIST_FILE = MealApp/Info.plist;
				INFOPLIST_KEY_UIApplicationSupportsIndirectInputEvents = YES;
				INFOPLIST_KEY_UILaunchStoryboardName = LaunchScreen;
				INFOPLIST_KEY_UIMainStoryboardFile = Main;
				INFOPLIST_KEY_UISupportedInterfaceOrientations = UIInterfaceOrientationPortrait;
				INFOPLIST_KEY_UISupportedInterfaceOrientations_iPad = "UIInterfaceOrientationPortrait UIInterfaceOrientationPortraitUpsideDown UIInterfaceOrientationLandscapeLeft UIInterfaceOrientationLandscapeRight";
				INFOPLIST_KEY_UISupportedInterfaceOrientations_iPhone = "UIInterfaceOrientationPortrait UIInterfaceOrientationLandscapeLeft UIInterfaceOrientationLandscapeRight";
				LD_RUNPATH_SEARCH_PATHS = (
					"$(inherited)",
					"@executable_path/Frameworks",
				);
				MARKETING_VERSION = 1.0;
				PRODUCT_BUNDLE_IDENTIFIER = tms.MealApp;
				PRODUCT_NAME = "$(TARGET_NAME)";
				SWIFT_EMIT_LOC_STRINGS = YES;
				SWIFT_VERSION = 5.0;
				TARGETED_DEVICE_FAMILY = 1;
			};
			name = Debug;
		};
		A609963727BEB6F000CC5866 /* Release */ = {
			isa = XCBuildConfiguration;
			buildSettings = {
				ASSETCATALOG_COMPILER_APPICON_NAME = AppIcon;
				ASSETCATALOG_COMPILER_GLOBAL_ACCENT_COLOR_NAME = AccentColor;
				CODE_SIGN_STYLE = Automatic;
				CURRENT_PROJECT_VERSION = 1;
				DEVELOPMENT_TEAM = 23F6SX7UH4;
				GENERATE_INFOPLIST_FILE = YES;
				INFOPLIST_FILE = MealApp/Info.plist;
				INFOPLIST_KEY_UIApplicationSupportsIndirectInputEvents = YES;
				INFOPLIST_KEY_UILaunchStoryboardName = LaunchScreen;
				INFOPLIST_KEY_UIMainStoryboardFile = Main;
				INFOPLIST_KEY_UISupportedInterfaceOrientations = UIInterfaceOrientationPortrait;
				INFOPLIST_KEY_UISupportedInterfaceOrientations_iPad = "UIInterfaceOrientationPortrait UIInterfaceOrientationPortraitUpsideDown UIInterfaceOrientationLandscapeLeft UIInterfaceOrientationLandscapeRight";
				INFOPLIST_KEY_UISupportedInterfaceOrientations_iPhone = "UIInterfaceOrientationPortrait UIInterfaceOrientationLandscapeLeft UIInterfaceOrientationLandscapeRight";
				LD_RUNPATH_SEARCH_PATHS = (
					"$(inherited)",
					"@executable_path/Frameworks",
				);
				MARKETING_VERSION = 1.0;
				PRODUCT_BUNDLE_IDENTIFIER = tms.MealApp;
				PRODUCT_NAME = "$(TARGET_NAME)";
				SWIFT_EMIT_LOC_STRINGS = YES;
				SWIFT_VERSION = 5.0;
				TARGETED_DEVICE_FAMILY = 1;
			};
			name = Release;
		};
/* End XCBuildConfiguration section */

/* Begin XCConfigurationList section */
		A609961C27BEB6EA00CC5866 /* Build configuration list for PBXProject "MealApp" */ = {
			isa = XCConfigurationList;
			buildConfigurations = (
				A609963327BEB6F000CC5866 /* Debug */,
				A609963427BEB6F000CC5866 /* Release */,
			);
			defaultConfigurationIsVisible = 0;
			defaultConfigurationName = Release;
		};
		A609963527BEB6F000CC5866 /* Build configuration list for PBXNativeTarget "MealApp" */ = {
			isa = XCConfigurationList;
			buildConfigurations = (
				A609963627BEB6F000CC5866 /* Debug */,
				A609963727BEB6F000CC5866 /* Release */,
			);
			defaultConfigurationIsVisible = 0;
			defaultConfigurationName = Release;
		};
/* End XCConfigurationList section */
	};
	rootObject = A609961927BEB6EA00CC5866 /* Project object */;
}
